
Microsoft Visual Studio Solution File, Format Version 12.00
# Visual Studio 15
VisualStudioVersion = 15.0.28010.2041
MinimumVisualStudioVersion = 10.0.40219.1
Project("{FAE04EC0-301F-11D3-BF4B-00C04F79EFBC}") = "RaiseEventTestPlugin", "RaiseEventTestPlugin\RaiseEventTestPlugin.csproj", "{1F5F08FF-90D9-4B1B-98E7-6DD983D15E50}"
EndProject
Global
	GlobalSection(SolutionConfigurationPlatforms) = preSolution
		Debug|Any CPU = Debug|Any CPU
		Release|Any CPU = Release|Any CPU
	EndGlobalSection
	GlobalSection(ProjectConfigurationPlatforms) = postSolution
		{1F5F08FF-90D9-4B1B-98E7-6DD983D15E50}.Debug|Any CPU.ActiveCfg = Debug|Any CPU
		{1F5F08FF-90D9-4B1B-98E7-6DD983D15E50}.Debug|Any CPU.Build.0 = Debug|Any CPU
		{1F5F08FF-90D9-4B1B-98E7-6DD983D15E50}.Release|Any CPU.ActiveCfg = Release|Any CPU
		{1F5F08FF-90D9-4B1B-98E7-6DD983D15E50}.Release|Any CPU.Build.0 = Release|Any CPU
	EndGlobalSection
	GlobalSection(SolutionProperties) = preSolution
		HideSolutionNode = FALSE
	EndGlobalSection
	GlobalSection(ExtensibilityGlobals) = postSolution
		SolutionGuid = {143F37AC-26C8-4682-90B0-7B6DE9535DC0}
	EndGlobalSection
EndGlobal
